
Microsoft Visual Studio Solution File, Format Version 12.00
# Visual Studio Version 17
VisualStudioVersion = 17.13.35931.197 d17.13
MinimumVisualStudioVersion = 10.0.40219.1
Project("{FAE04EC0-301F-11D3-BF4B-00C04F79EFBC}") = "BlockBenchSkinFixer", "BlockBenchSkinFixer\BlockBenchSkinFixer.csproj", "{DBA10570-7A16-45F2-A576-3F02D92F0B42}"
EndProject
Global
	GlobalSection(SolutionConfigurationPlatforms) = preSolution
		Debug|Any CPU = Debug|Any CPU
		Release|Any CPU = Release|Any CPU
	EndGlobalSection
	GlobalSection(ProjectConfigurationPlatforms) = postSolution
		{DBA10570-7A16-45F2-A576-3F02D92F0B42}.Debug|Any CPU.ActiveCfg = Debug|Any CPU
		{DBA10570-7A16-45F2-A576-3F02D92F0B42}.Debug|Any CPU.Build.0 = Debug|Any CPU
		{DBA10570-7A16-45F2-A576-3F02D92F0B42}.Release|Any CPU.ActiveCfg = Release|Any CPU
		{DBA10570-7A16-45F2-A576-3F02D92F0B42}.Release|Any CPU.Build.0 = Release|Any CPU
	EndGlobalSection
	GlobalSection(SolutionProperties) = preSolution
		HideSolutionNode = FALSE
	EndGlobalSection
	GlobalSection(ExtensibilityGlobals) = postSolution
		SolutionGuid = {84E18BD8-CD65-45A7-A13D-9367B3845F43}
	EndGlobalSection
EndGlobal
